<?xml version="1.0" encoding="utf-8"?>
<Project ToolsVersion="4.0" xmlns="http://schemas.microsoft.com/developer/msbuild/2003">
  <ItemGroup>
    <Filter Include="clr interface">
      <UniqueIdentifier>{0d5bc843-ddc0-419d-9f65-da267b782f18}</UniqueIdentifier>
    </Filter>
    <Filter Include="c++ interface">
      <UniqueIdentifier>{484b0744-0671-4d74-a772-ed5a7c44d69a}</UniqueIdentifier>
    </Filter>
    <Filter Include="core">
      <UniqueIdentifier>{0c3125ac-9403-461a-acfd-8dd8c7b3b806}</UniqueIdentifier>
    </Filter>
    <Filter Include="json parser">
      <UniqueIdentifier>{d385fc66-6d0c-4cde-81b2-27b7515b55cb}</UniqueIdentifier>
    </Filter>
  </ItemGroup>
  <ItemGroup>
    <ClInclude Include="mst based heightmap.h">
      <Filter>clr interface</Filter>
    </ClInclude>
    <ClInclude Include="HeightmapFactory.h">
      <Filter>c++ interface</Filter>
    </ClInclude>
    <ClInclude Include="Stdafx.h">
      <Filter>core</Filter>
    </ClInclude>
    <ClInclude Include="src-mst\OrHash.h">
      <Filter>core</Filter>
    </ClInclude>
    <ClInclude Include="src-mst\OrHeap.h">
      <Filter>core</Filter>
    </ClInclude>
    <ClInclude Include="src-mst\OrADTObjects.h">
      <Filter>core</Filter>
    </ClInclude>
    <ClInclude Include="src-mst\OrGraph.h">
      <Filter>core</Filter>
    </ClInclude>
    <ClInclude Include="math.hpp">
      <Filter>core</Filter>
    </ClInclude>
    <ClInclude Include="Generator.h">
      <Filter>core</Filter>
    </ClInclude>
    <ClInclude Include="Filter.h">
      <Filter>core</Filter>
    </ClInclude>
    <ClInclude Include="Noise.h">
      <Filter>core</Filter>
    </ClInclude>
    <ClInclude Include="CommandInfo.h">
      <Filter>c++ interface</Filter>
    </ClInclude>
    <ClInclude Include="CommandBuffer.hpp">
      <Filter>core</Filter>
    </ClInclude>
    <ClInclude Include="json-parser\json.h">
      <Filter>json parser</Filter>
    </ClInclude>
    <ClInclude Include="json-parser\json-forwards.h">
      <Filter>json parser</Filter>
    </ClInclude>
  </ItemGroup>
  <ItemGroup>
    <ClCompile Include="AssemblyInfo.cpp">
      <Filter>clr interface</Filter>
    </ClCompile>
    <ClCompile Include="HeightmapFactory.cpp">
      <Filter>c++ interface</Filter>
    </ClCompile>
    <ClCompile Include="Stdafx.cpp">
      <Filter>core</Filter>
    </ClCompile>
    <ClCompile Include="mst based heightmap.cpp">
      <Filter>clr interface</Filter>
    </ClCompile>
    <ClCompile Include="src-mst\OrHeap.cpp">
      <Filter>core</Filter>
    </ClCompile>
    <ClCompile Include="src-mst\OrMST.cpp">
      <Filter>core</Filter>
    </ClCompile>
    <ClCompile Include="src-mst\OrGraph.cpp">
      <Filter>core</Filter>
    </ClCompile>
    <ClCompile Include="src-mst\OrHash.cpp">
      <Filter>core</Filter>
    </ClCompile>
    <ClCompile Include="Generator.cpp">
      <Filter>core</Filter>
    </ClCompile>
    <ClCompile Include="Filter.cpp">
      <Filter>core</Filter>
    </ClCompile>
    <ClCompile Include="Noise.cpp">
      <Filter>core</Filter>
    </ClCompile>
    <ClCompile Include="GenerateLayer.cpp">
      <Filter>core</Filter>
    </ClCompile>
    <ClCompile Include="CmdValueNoise.cpp">
      <Filter>core</Filter>
    </ClCompile>
    <ClCompile Include="CommandExec.cpp">
      <Filter>core</Filter>
    </ClCompile>
    <ClCompile Include="CmdBlendAdd.cpp">
      <Filter>core</Filter>
    </ClCompile>
    <ClCompile Include="CmdBlendMultiply.cpp">
      <Filter>core</Filter>
    </ClCompile>
    <ClCompile Include="CommandBuffer.cpp">
      <Filter>core</Filter>
    </ClCompile>
    <ClCompile Include="json-parser\jsoncpp.cpp">
      <Filter>json parser</Filter>
    </ClCompile>
    <ClCompile Include="CmdBlendRefract.cpp">
      <Filter>core</Filter>
    </ClCompile>
    <ClCompile Include="CmdInvMSTDistance.cpp">
      <Filter>core</Filter>
    </ClCompile>
  </ItemGroup>
</Project>